
Microsoft Visual Studio Solution File, Format Version 12.00
# Visual Studio Version 16
VisualStudioVersion = 16.0.30711.63
MinimumVisualStudioVersion = 10.0.40219.1
Project("{FAE04EC0-301F-11D3-BF4B-00C04F79EFBC}") = "WebCrawlerService", "WebCrawlerService\WebCrawlerService.csproj", "{2840B7C7-C7AC-4850-A1A2-15D6B854F414}"
EndProject
Global
	GlobalSection(SolutionConfigurationPlatforms) = preSolution
		Debug|Any CPU = Debug|Any CPU
		Release|Any CPU = Release|Any CPU
	EndGlobalSection
	GlobalSection(ProjectConfigurationPlatforms) = postSolution
		{2840B7C7-C7AC-4850-A1A2-15D6B854F414}.Debug|Any CPU.ActiveCfg = Debug|Any CPU
		{2840B7C7-C7AC-4850-A1A2-15D6B854F414}.Debug|Any CPU.Build.0 = Debug|Any CPU
		{2840B7C7-C7AC-4850-A1A2-15D6B854F414}.Release|Any CPU.ActiveCfg = Release|Any CPU
		{2840B7C7-C7AC-4850-A1A2-15D6B854F414}.Release|Any CPU.Build.0 = Release|Any CPU
	EndGlobalSection
	GlobalSection(SolutionProperties) = preSolution
		HideSolutionNode = FALSE
	EndGlobalSection
	GlobalSection(ExtensibilityGlobals) = postSolution
		SolutionGuid = {CCE60861-E519-4950-831D-48DC13FA06DF}
	EndGlobalSection
EndGlobal
