
Microsoft Visual Studio Solution File, Format Version 12.00
# Visual Studio 15
VisualStudioVersion = 15.0.26124.0
MinimumVisualStudioVersion = 15.0.26124.0
Project("{FAE04EC0-301F-11D3-BF4B-00C04F79EFBC}") = "ClassificationService", "ClassificationService\ClassificationService.csproj", "{4DB56D50-B0DB-4D5A-9591-F18141D02E9F}"
EndProject
Project("{FAE04EC0-301F-11D3-BF4B-00C04F79EFBC}") = "WebApplication1ML.ConsoleApp", "ClassificationService.ConsoleApp\WebApplication1ML.ConsoleApp.csproj", "{5CC4D904-A238-4A20-8C71-5D47443733B9}"
EndProject
Project("{FAE04EC0-301F-11D3-BF4B-00C04F79EFBC}") = "ClassificationService.Model", "ClassificationService.Model\ClassificationService.Model.csproj", "{5CDBFADA-4DDD-416A-8716-63B1D48C64A7}"
EndProject
Project("{FAE04EC0-301F-11D3-BF4B-00C04F79EFBC}") = "ClassificationService.Shared", "ClassificationService.Shared\ClassificationService.Shared.csproj", "{D2446454-1E82-4D25-9C39-A2B0372DF6BE}"
EndProject
Global
	GlobalSection(SolutionConfigurationPlatforms) = preSolution
		Debug|Any CPU = Debug|Any CPU
		Debug|x64 = Debug|x64
		Debug|x86 = Debug|x86
		Release|Any CPU = Release|Any CPU
		Release|x64 = Release|x64
		Release|x86 = Release|x86
	EndGlobalSection
	GlobalSection(SolutionProperties) = preSolution
		HideSolutionNode = FALSE
	EndGlobalSection
	GlobalSection(ProjectConfigurationPlatforms) = postSolution
		{4DB56D50-B0DB-4D5A-9591-F18141D02E9F}.Debug|Any CPU.ActiveCfg = Debug|Any CPU
		{4DB56D50-B0DB-4D5A-9591-F18141D02E9F}.Debug|Any CPU.Build.0 = Debug|Any CPU
		{4DB56D50-B0DB-4D5A-9591-F18141D02E9F}.Debug|x64.ActiveCfg = Debug|Any CPU
		{4DB56D50-B0DB-4D5A-9591-F18141D02E9F}.Debug|x64.Build.0 = Debug|Any CPU
		{4DB56D50-B0DB-4D5A-9591-F18141D02E9F}.Debug|x86.ActiveCfg = Debug|Any CPU
		{4DB56D50-B0DB-4D5A-9591-F18141D02E9F}.Debug|x86.Build.0 = Debug|Any CPU
		{4DB56D50-B0DB-4D5A-9591-F18141D02E9F}.Release|Any CPU.ActiveCfg = Release|Any CPU
		{4DB56D50-B0DB-4D5A-9591-F18141D02E9F}.Release|Any CPU.Build.0 = Release|Any CPU
		{4DB56D50-B0DB-4D5A-9591-F18141D02E9F}.Release|x64.ActiveCfg = Release|Any CPU
		{4DB56D50-B0DB-4D5A-9591-F18141D02E9F}.Release|x64.Build.0 = Release|Any CPU
		{4DB56D50-B0DB-4D5A-9591-F18141D02E9F}.Release|x86.ActiveCfg = Release|Any CPU
		{4DB56D50-B0DB-4D5A-9591-F18141D02E9F}.Release|x86.Build.0 = Release|Any CPU
		{5CC4D904-A238-4A20-8C71-5D47443733B9}.Debug|Any CPU.ActiveCfg = Debug|Any CPU
		{5CC4D904-A238-4A20-8C71-5D47443733B9}.Debug|Any CPU.Build.0 = Debug|Any CPU
		{5CC4D904-A238-4A20-8C71-5D47443733B9}.Debug|x64.ActiveCfg = Debug|Any CPU
		{5CC4D904-A238-4A20-8C71-5D47443733B9}.Debug|x64.Build.0 = Debug|Any CPU
		{5CC4D904-A238-4A20-8C71-5D47443733B9}.Debug|x86.ActiveCfg = Debug|Any CPU
		{5CC4D904-A238-4A20-8C71-5D47443733B9}.Debug|x86.Build.0 = Debug|Any CPU
		{5CC4D904-A238-4A20-8C71-5D47443733B9}.Release|Any CPU.ActiveCfg = Release|Any CPU
		{5CC4D904-A238-4A20-8C71-5D47443733B9}.Release|Any CPU.Build.0 = Release|Any CPU
		{5CC4D904-A238-4A20-8C71-5D47443733B9}.Release|x64.ActiveCfg = Release|Any CPU
		{5CC4D904-A238-4A20-8C71-5D47443733B9}.Release|x64.Build.0 = Release|Any CPU
		{5CC4D904-A238-4A20-8C71-5D47443733B9}.Release|x86.ActiveCfg = Release|Any CPU
		{5CC4D904-A238-4A20-8C71-5D47443733B9}.Release|x86.Build.0 = Release|Any CPU
		{5CDBFADA-4DDD-416A-8716-63B1D48C64A7}.Debug|Any CPU.ActiveCfg = Debug|Any CPU
		{5CDBFADA-4DDD-416A-8716-63B1D48C64A7}.Debug|Any CPU.Build.0 = Debug|Any CPU
		{5CDBFADA-4DDD-416A-8716-63B1D48C64A7}.Debug|x64.ActiveCfg = Debug|Any CPU
		{5CDBFADA-4DDD-416A-8716-63B1D48C64A7}.Debug|x64.Build.0 = Debug|Any CPU
		{5CDBFADA-4DDD-416A-8716-63B1D48C64A7}.Debug|x86.ActiveCfg = Debug|Any CPU
		{5CDBFADA-4DDD-416A-8716-63B1D48C64A7}.Debug|x86.Build.0 = Debug|Any CPU
		{5CDBFADA-4DDD-416A-8716-63B1D48C64A7}.Release|Any CPU.ActiveCfg = Release|Any CPU
		{5CDBFADA-4DDD-416A-8716-63B1D48C64A7}.Release|Any CPU.Build.0 = Release|Any CPU
		{5CDBFADA-4DDD-416A-8716-63B1D48C64A7}.Release|x64.ActiveCfg = Release|Any CPU
		{5CDBFADA-4DDD-416A-8716-63B1D48C64A7}.Release|x64.Build.0 = Release|Any CPU
		{5CDBFADA-4DDD-416A-8716-63B1D48C64A7}.Release|x86.ActiveCfg = Release|Any CPU
		{5CDBFADA-4DDD-416A-8716-63B1D48C64A7}.Release|x86.Build.0 = Release|Any CPU
		{D2446454-1E82-4D25-9C39-A2B0372DF6BE}.Debug|Any CPU.ActiveCfg = Debug|Any CPU
		{D2446454-1E82-4D25-9C39-A2B0372DF6BE}.Debug|Any CPU.Build.0 = Debug|Any CPU
		{D2446454-1E82-4D25-9C39-A2B0372DF6BE}.Debug|x64.ActiveCfg = Debug|Any CPU
		{D2446454-1E82-4D25-9C39-A2B0372DF6BE}.Debug|x64.Build.0 = Debug|Any CPU
		{D2446454-1E82-4D25-9C39-A2B0372DF6BE}.Debug|x86.ActiveCfg = Debug|Any CPU
		{D2446454-1E82-4D25-9C39-A2B0372DF6BE}.Debug|x86.Build.0 = Debug|Any CPU
		{D2446454-1E82-4D25-9C39-A2B0372DF6BE}.Release|Any CPU.ActiveCfg = Release|Any CPU
		{D2446454-1E82-4D25-9C39-A2B0372DF6BE}.Release|Any CPU.Build.0 = Release|Any CPU
		{D2446454-1E82-4D25-9C39-A2B0372DF6BE}.Release|x64.ActiveCfg = Release|Any CPU
		{D2446454-1E82-4D25-9C39-A2B0372DF6BE}.Release|x64.Build.0 = Release|Any CPU
		{D2446454-1E82-4D25-9C39-A2B0372DF6BE}.Release|x86.ActiveCfg = Release|Any CPU
		{D2446454-1E82-4D25-9C39-A2B0372DF6BE}.Release|x86.Build.0 = Release|Any CPU
	EndGlobalSection
EndGlobal
